// !$*UTF8*$!
{
	archiveVersion = 1;
	classes = {
	};
	objectVersion = 56;
	objects = {

/* Begin PBXBuildFile section */
		2CF7DCE6C1E3B55127E984E8 /* Foundation.framework in Frameworks */ = {isa = PBXBuildFile; fileRef = C938DD3CAD73902FD5300880 /* Foundation.framework */; };
		8ABDBCE98BD16EADD2B38008 /* ContentProvider.swift in Sources */ = {isa = PBXBuildFile; fileRef = 6AE4786FF89A926AE35291FF /* ContentProvider.swift */; };
		A07DB8894E0289A74BF1E14A /* TVServices.framework in Frameworks */ = {isa = PBXBuildFile; fileRef = 7D90FFE197A38DF859D10B9D /* TVServices.framework */; };
		A1000001000000000000001 /* BlompieTVApp.swift in Sources */ = {isa = PBXBuildFile; fileRef = A1000002000000000000001 /* BlompieTVApp.swift */; };
		A1000003000000000000001 /* ContentView.swift in Sources */ = {isa = PBXBuildFile; fileRef = A1000004000000000000001 /* ContentView.swift */; };
		A1000005000000000000001 /* GameEngine.swift in Sources */ = {isa = PBXBuildFile; fileRef = A1000006000000000000001 /* GameEngine.swift */; };
		A1000007000000000000001 /* OllamaService.swift in Sources */ = {isa = PBXBuildFile; fileRef = A1000008000000000000001 /* OllamaService.swift */; };
		A1000009000000000000001 /* Assets.xcassets in Resources */ = {isa = PBXBuildFile; fileRef = A1000010000000000000001 /* Assets.xcassets */; };
		A1000011000000000000001 /* ServerDiscovery.swift in Sources */ = {isa = PBXBuildFile; fileRef = A1000012000000000000001 /* ServerDiscovery.swift */; };
		A1000013000000000000001 /* SettingsView.swift in Sources */ = {isa = PBXBuildFile; fileRef = A1000014000000000000001 /* SettingsView.swift */; };
		A1000015000000000000001 /* SaveLoadView.swift in Sources */ = {isa = PBXBuildFile; fileRef = A1000016000000000000001 /* SaveLoadView.swift */; };
		A1000017000000000000001 /* StatsView.swift in Sources */ = {isa = PBXBuildFile; fileRef = A1000018000000000000001 /* StatsView.swift */; };
		D750B11EE3CB51293DC9156D /* BlompieTVTopShelf in Embed App Extensions */ = {isa = PBXBuildFile; fileRef = 930897A61CDC11346EFEA01D /* BlompieTVTopShelf */; settings = {ATTRIBUTES = (RemoveHeadersOnCopy, ); }; };
/* End PBXBuildFile section */

/* Begin PBXContainerItemProxy section */
		F100A545DCFD4060A77EE393 /* PBXContainerItemProxy */ = {
			isa = PBXContainerItemProxy;
			containerPortal = A1000030000000000000001 /* Project object */;
			proxyType = 1;
			remoteGlobalIDString = 12E720C638EFBB73EDE6FDA4;
			remoteInfo = BlompieTVTopShelf;
		};
/* End PBXContainerItemProxy section */

/* Begin PBXCopyFilesBuildPhase section */
		B7608E875ED02D2AA9928DEE /* Embed App Extensions */ = {
			isa = PBXCopyFilesBuildPhase;
			buildActionMask = 2147483647;
			dstPath = "";
			dstSubfolderSpec = 13;
			files = (
				D750B11EE3CB51293DC9156D /* BlompieTVTopShelf in Embed App Extensions */,
			);
			name = "Embed App Extensions";
			runOnlyForDeploymentPostprocessing = 0;
		};
/* End PBXCopyFilesBuildPhase section */

/* Begin PBXFileReference section */
		4343038DF333BD8468898015 /* BlompieTVTopShelf.entitlements */ = {isa = PBXFileReference; includeInIndex = 1; lastKnownFileType = text.plist.entitlements; path = BlompieTVTopShelf.entitlements; sourceTree = "<group>"; };
		6AE4786FF89A926AE35291FF /* ContentProvider.swift */ = {isa = PBXFileReference; includeInIndex = 1; lastKnownFileType = sourcecode.swift; path = ContentProvider.swift; sourceTree = "<group>"; };
		7D90FFE197A38DF859D10B9D /* TVServices.framework */ = {isa = PBXFileReference; lastKnownFileType = wrapper.framework; name = TVServices.framework; path = System/Library/Frameworks/TVServices.framework; sourceTree = SDKROOT; };
		930897A61CDC11346EFEA01D /* BlompieTVTopShelf */ = {isa = PBXFileReference; includeInIndex = 0; path = BlompieTVTopShelf; sourceTree = BUILT_PRODUCTS_DIR; };
		A1000002000000000000001 /* BlompieTVApp.swift */ = {isa = PBXFileReference; lastKnownFileType = sourcecode.swift; path = BlompieTVApp.swift; sourceTree = "<group>"; };
		A1000004000000000000001 /* ContentView.swift */ = {isa = PBXFileReference; lastKnownFileType = sourcecode.swift; path = ContentView.swift; sourceTree = "<group>"; };
		A1000006000000000000001 /* GameEngine.swift */ = {isa = PBXFileReference; lastKnownFileType = sourcecode.swift; path = GameEngine.swift; sourceTree = "<group>"; };
		A1000008000000000000001 /* OllamaService.swift */ = {isa = PBXFileReference; lastKnownFileType = sourcecode.swift; path = OllamaService.swift; sourceTree = "<group>"; };
		A1000010000000000000001 /* Assets.xcassets */ = {isa = PBXFileReference; lastKnownFileType = folder.assetcatalog; path = Assets.xcassets; sourceTree = "<group>"; };
		A1000012000000000000001 /* ServerDiscovery.swift */ = {isa = PBXFileReference; lastKnownFileType = sourcecode.swift; path = ServerDiscovery.swift; sourceTree = "<group>"; };
		A1000014000000000000001 /* SettingsView.swift */ = {isa = PBXFileReference; lastKnownFileType = sourcecode.swift; path = SettingsView.swift; sourceTree = "<group>"; };
		A1000016000000000000001 /* SaveLoadView.swift */ = {isa = PBXFileReference; lastKnownFileType = sourcecode.swift; path = SaveLoadView.swift; sourceTree = "<group>"; };
		A1000018000000000000001 /* StatsView.swift */ = {isa = PBXFileReference; lastKnownFileType = sourcecode.swift; path = StatsView.swift; sourceTree = "<group>"; };
		A1000019000000000000001 /* BlompieTV.app */ = {isa = PBXFileReference; explicitFileType = wrapper.application; includeInIndex = 0; path = BlompieTV.app; sourceTree = BUILT_PRODUCTS_DIR; };
		BE3FD1CCBB939FCD9A810380 /* Info.plist */ = {isa = PBXFileReference; includeInIndex = 1; lastKnownFileType = text.plist.xml; path = Info.plist; sourceTree = "<group>"; };
		C938DD3CAD73902FD5300880 /* Foundation.framework */ = {isa = PBXFileReference; lastKnownFileType = wrapper.framework; name = Foundation.framework; path = Platforms/AppleTVOS.platform/Developer/SDKs/AppleTVOS18.0.sdk/System/Library/Frameworks/Foundation.framework; sourceTree = DEVELOPER_DIR; };
/* End PBXFileReference section */

/* Begin PBXFrameworksBuildPhase section */
		2A7100244040974B68273CEC /* Frameworks */ = {
			isa = PBXFrameworksBuildPhase;
			buildActionMask = 2147483647;
			files = (
				2CF7DCE6C1E3B55127E984E8 /* Foundation.framework in Frameworks */,
				A07DB8894E0289A74BF1E14A /* TVServices.framework in Frameworks */,
			);
			runOnlyForDeploymentPostprocessing = 0;
		};
		A1000020000000000000001 /* Frameworks */ = {
			isa = PBXFrameworksBuildPhase;
			buildActionMask = 2147483647;
			files = (
			);
			runOnlyForDeploymentPostprocessing = 0;
		};
/* End PBXFrameworksBuildPhase section */

/* Begin PBXGroup section */
		A1000021000000000000001 = {
			isa = PBXGroup;
			children = (
				A1000022000000000000001 /* BlompieTV */,
				A1000023000000000000001 /* Products */,
				D3236B227083AFC9CB5EF3F2 /* Frameworks */,
				D7DE2FF59756511484393DC1 /* BlompieTVTopShelf */,
			);
			sourceTree = "<group>";
		};
		A1000022000000000000001 /* BlompieTV */ = {
			isa = PBXGroup;
			children = (
				A1000002000000000000001 /* BlompieTVApp.swift */,
				A1000006000000000000001 /* GameEngine.swift */,
				A1000024000000000000001 /* Services */,
				A1000025000000000000001 /* Views */,
				A1000010000000000000001 /* Assets.xcassets */,
			);
			path = BlompieTV;
			sourceTree = "<group>";
		};
		A1000023000000000000001 /* Products */ = {
			isa = PBXGroup;
			children = (
				A1000019000000000000001 /* BlompieTV.app */,
				930897A61CDC11346EFEA01D /* BlompieTVTopShelf */,
			);
			name = Products;
			sourceTree = "<group>";
		};
		A1000024000000000000001 /* Services */ = {
			isa = PBXGroup;
			children = (
				A1000008000000000000001 /* OllamaService.swift */,
				A1000012000000000000001 /* ServerDiscovery.swift */,
			);
			path = Services;
			sourceTree = "<group>";
		};
		A1000025000000000000001 /* Views */ = {
			isa = PBXGroup;
			children = (
				A1000004000000000000001 /* ContentView.swift */,
				A1000014000000000000001 /* SettingsView.swift */,
				A1000016000000000000001 /* SaveLoadView.swift */,
				A1000018000000000000001 /* StatsView.swift */,
			);
			path = Views;
			sourceTree = "<group>";
		};
		D3236B227083AFC9CB5EF3F2 /* Frameworks */ = {
			isa = PBXGroup;
			children = (
				E8654706EE1B0B956A9BFE0D /* tvOS */,
				7D90FFE197A38DF859D10B9D /* TVServices.framework */,
			);
			name = Frameworks;
			sourceTree = "<group>";
		};
		D7DE2FF59756511484393DC1 /* BlompieTVTopShelf */ = {
			isa = PBXGroup;
			children = (
				6AE4786FF89A926AE35291FF /* ContentProvider.swift */,
				BE3FD1CCBB939FCD9A810380 /* Info.plist */,
				4343038DF333BD8468898015 /* BlompieTVTopShelf.entitlements */,
			);
			name = BlompieTVTopShelf;
			path = BlompieTVTopShelf;
			sourceTree = "<group>";
		};
		E8654706EE1B0B956A9BFE0D /* tvOS */ = {
			isa = PBXGroup;
			children = (
				C938DD3CAD73902FD5300880 /* Foundation.framework */,
			);
			name = tvOS;
			sourceTree = "<group>";
		};
/* End PBXGroup section */

/* Begin PBXNativeTarget section */
		12E720C638EFBB73EDE6FDA4 /* BlompieTVTopShelf */ = {
			isa = PBXNativeTarget;
			buildConfigurationList = 0A48AEB926DF5652AEE2EBFE /* Build configuration list for PBXNativeTarget "BlompieTVTopShelf" */;
			buildPhases = (
				8A3D98BBF2AC941A45ADC942 /* Sources */,
				2A7100244040974B68273CEC /* Frameworks */,
				DDBE114E9991604E685962D8 /* Resources */,
			);
			buildRules = (
			);
			dependencies = (
			);
			name = BlompieTVTopShelf;
			productName = BlompieTVTopShelf;
			productReference = 930897A61CDC11346EFEA01D /* BlompieTVTopShelf */;
			productType = "com.apple.product-type.tv-app-extension";
		};
		A1000026000000000000001 /* BlompieTV */ = {
			isa = PBXNativeTarget;
			buildConfigurationList = A1000027000000000000001 /* Build configuration list for PBXNativeTarget "BlompieTV" */;
			buildPhases = (
				A1000028000000000000001 /* Sources */,
				A1000020000000000000001 /* Frameworks */,
				A1000029000000000000001 /* Resources */,
				B7608E875ED02D2AA9928DEE /* Embed App Extensions */,
			);
			buildRules = (
			);
			dependencies = (
				6B55D4B23BDD625F1B382361 /* PBXTargetDependency */,
			);
			name = BlompieTV;
			productName = BlompieTV;
			productReference = A1000019000000000000001 /* BlompieTV.app */;
			productType = "com.apple.product-type.application";
		};
/* End PBXNativeTarget section */

/* Begin PBXProject section */
		A1000030000000000000001 /* Project object */ = {
			isa = PBXProject;
			attributes = {
				BuildIndependentTargetsInParallel = 1;
				LastSwiftUpdateCheck = 1500;
				LastUpgradeCheck = 1500;
				TargetAttributes = {
					A1000026000000000000001 = {
						CreatedOnToolsVersion = 15.0;
					};
				};
			};
			buildConfigurationList = A1000031000000000000001 /* Build configuration list for PBXProject "BlompieTV" */;
			compatibilityVersion = "Xcode 14.0";
			developmentRegion = en;
			hasScannedForEncodings = 0;
			knownRegions = (
				en,
				Base,
			);
			mainGroup = A1000021000000000000001;
			productRefGroup = A1000023000000000000001 /* Products */;
			projectDirPath = "";
			projectRoot = "";
			targets = (
				A1000026000000000000001 /* BlompieTV */,
				12E720C638EFBB73EDE6FDA4 /* BlompieTVTopShelf */,
			);
		};
/* End PBXProject section */

/* Begin PBXResourcesBuildPhase section */
		A1000029000000000000001 /* Resources */ = {
			isa = PBXResourcesBuildPhase;
			buildActionMask = 2147483647;
			files = (
				A1000009000000000000001 /* Assets.xcassets in Resources */,
			);
			runOnlyForDeploymentPostprocessing = 0;
		};
		DDBE114E9991604E685962D8 /* Resources */ = {
			isa = PBXResourcesBuildPhase;
			buildActionMask = 2147483647;
			files = (
			);
			runOnlyForDeploymentPostprocessing = 0;
		};
/* End PBXResourcesBuildPhase section */

/* Begin PBXSourcesBuildPhase section */
		8A3D98BBF2AC941A45ADC942 /* Sources */ = {
			isa = PBXSourcesBuildPhase;
			buildActionMask = 2147483647;
			files = (
				8ABDBCE98BD16EADD2B38008 /* ContentProvider.swift in Sources */,
			);
			runOnlyForDeploymentPostprocessing = 0;
		};
		A1000028000000000000001 /* Sources */ = {
			isa = PBXSourcesBuildPhase;
			buildActionMask = 2147483647;
			files = (
				A1000003000000000000001 /* ContentView.swift in Sources */,
				A1000001000000000000001 /* BlompieTVApp.swift in Sources */,
				A1000005000000000000001 /* GameEngine.swift in Sources */,
				A1000007000000000000001 /* OllamaService.swift in Sources */,
				A1000011000000000000001 /* ServerDiscovery.swift in Sources */,
				A1000013000000000000001 /* SettingsView.swift in Sources */,
				A1000015000000000000001 /* SaveLoadView.swift in Sources */,
				A1000017000000000000001 /* StatsView.swift in Sources */,
			);
			runOnlyForDeploymentPostprocessing = 0;
		};
/* End PBXSourcesBuildPhase section */

/* Begin PBXTargetDependency section */
		6B55D4B23BDD625F1B382361 /* PBXTargetDependency */ = {
			isa = PBXTargetDependency;
			name = BlompieTVTopShelf;
			target = 12E720C638EFBB73EDE6FDA4 /* BlompieTVTopShelf */;
			targetProxy = F100A545DCFD4060A77EE393 /* PBXContainerItemProxy */;
		};
/* End PBXTargetDependency section */

/* Begin XCBuildConfiguration section */
		A1000032000000000000001 /* Debug */ = {
			isa = XCBuildConfiguration;
			buildSettings = {
				ALWAYS_SEARCH_USER_PATHS = NO;
				ASSETCATALOG_COMPILER_GENERATE_SWIFT_ASSET_SYMBOL_EXTENSIONS = YES;
				CLANG_ANALYZER_NONNULL = YES;
				CLANG_ANALYZER_NUMBER_OBJECT_CONVERSION = YES_AGGRESSIVE;
				CLANG_CXX_LANGUAGE_STANDARD = "gnu++20";
				CLANG_ENABLE_MODULES = YES;
				CLANG_ENABLE_OBJC_ARC = YES;
				CLANG_ENABLE_OBJC_WEAK = YES;
				CLANG_WARN_BLOCK_CAPTURE_AUTORELEASING = YES;
				CLANG_WARN_BOOL_CONVERSION = YES;
				CLANG_WARN_COMMA = YES;
				CLANG_WARN_CONSTANT_CONVERSION = YES;
				CLANG_WARN_DEPRECATED_OBJC_IMPLEMENTATIONS = YES;
				CLANG_WARN_DIRECT_OBJC_ISA_USAGE = YES_ERROR;
				CLANG_WARN_DOCUMENTATION_COMMENTS = YES;
				CLANG_WARN_EMPTY_BODY = YES;
				CLANG_WARN_ENUM_CONVERSION = YES;
				CLANG_WARN_INFINITE_RECURSION = YES;
				CLANG_WARN_INT_CONVERSION = YES;
				CLANG_WARN_NON_LITERAL_NULL_CONVERSION = YES;
				CLANG_WARN_OBJC_IMPLICIT_RETAIN_SELF = YES;
				CLANG_WARN_OBJC_LITERAL_CONVERSION = YES;
				CLANG_WARN_OBJC_ROOT_CLASS = YES_ERROR;
				CLANG_WARN_QUOTED_INCLUDE_IN_FRAMEWORK_HEADER = YES;
				CLANG_WARN_RANGE_LOOP_ANALYSIS = YES;
				CLANG_WARN_STRICT_PROTOTYPES = YES;
				CLANG_WARN_SUSPICIOUS_MOVE = YES;
				CLANG_WARN_UNGUARDED_AVAILABILITY = YES_AGGRESSIVE;
				CLANG_WARN_UNREACHABLE_CODE = YES;
				CLANG_WARN__DUPLICATE_METHOD_MATCH = YES;
				COPY_PHASE_STRIP = NO;
				DEBUG_INFORMATION_FORMAT = dwarf;
				ENABLE_STRICT_OBJC_MSGSEND = YES;
				ENABLE_TESTABILITY = YES;
				ENABLE_USER_SCRIPT_SANDBOXING = YES;
				GCC_C_LANGUAGE_STANDARD = gnu17;
				GCC_DYNAMIC_NO_PIC = NO;
				GCC_NO_COMMON_BLOCKS = YES;
				GCC_OPTIMIZATION_LEVEL = 0;
				GCC_PREPROCESSOR_DEFINITIONS = (
					"DEBUG=1",
					"$(inherited)",
				);
				GCC_WARN_64_TO_32_BIT_CONVERSION = YES;
				GCC_WARN_ABOUT_RETURN_TYPE = YES_ERROR;
				GCC_WARN_UNDECLARED_SELECTOR = YES;
				GCC_WARN_UNINITIALIZED_AUTOS = YES_AGGRESSIVE;
				GCC_WARN_UNUSED_FUNCTION = YES;
				GCC_WARN_UNUSED_VARIABLE = YES;
				LOCALIZATION_PREFERS_STRING_CATALOGS = YES;
				MTL_ENABLE_DEBUG_INFO = INCLUDE_SOURCE;
				MTL_FAST_MATH = YES;
				ONLY_ACTIVE_ARCH = YES;
				SDKROOT = appletvos;
				SWIFT_ACTIVE_COMPILATION_CONDITIONS = "DEBUG $(inherited)";
				SWIFT_OPTIMIZATION_LEVEL = "-Onone";
				TVOS_DEPLOYMENT_TARGET = 17.0;
			};
			name = Debug;
		};
		A1000033000000000000001 /* Release */ = {
			isa = XCBuildConfiguration;
			buildSettings = {
				ALWAYS_SEARCH_USER_PATHS = NO;
				ASSETCATALOG_COMPILER_GENERATE_SWIFT_ASSET_SYMBOL_EXTENSIONS = YES;
				CLANG_ANALYZER_NONNULL = YES;
				CLANG_ANALYZER_NUMBER_OBJECT_CONVERSION = YES_AGGRESSIVE;
				CLANG_CXX_LANGUAGE_STANDARD = "gnu++20";
				CLANG_ENABLE_MODULES = YES;
				CLANG_ENABLE_OBJC_ARC = YES;
				CLANG_ENABLE_OBJC_WEAK = YES;
				CLANG_WARN_BLOCK_CAPTURE_AUTORELEASING = YES;
				CLANG_WARN_BOOL_CONVERSION = YES;
				CLANG_WARN_COMMA = YES;
				CLANG_WARN_CONSTANT_CONVERSION = YES;
				CLANG_WARN_DEPRECATED_OBJC_IMPLEMENTATIONS = YES;
				CLANG_WARN_DIRECT_OBJC_ISA_USAGE = YES_ERROR;
				CLANG_WARN_DOCUMENTATION_COMMENTS = YES;
				CLANG_WARN_EMPTY_BODY = YES;
				CLANG_WARN_ENUM_CONVERSION = YES;
				CLANG_WARN_INFINITE_RECURSION = YES;
				CLANG_WARN_INT_CONVERSION = YES;
				CLANG_WARN_NON_LITERAL_NULL_CONVERSION = YES;
				CLANG_WARN_OBJC_IMPLICIT_RETAIN_SELF = YES;
				CLANG_WARN_OBJC_LITERAL_CONVERSION = YES;
				CLANG_WARN_OBJC_ROOT_CLASS = YES_ERROR;
				CLANG_WARN_QUOTED_INCLUDE_IN_FRAMEWORK_HEADER = YES;
				CLANG_WARN_RANGE_LOOP_ANALYSIS = YES;
				CLANG_WARN_STRICT_PROTOTYPES = YES;
				CLANG_WARN_SUSPICIOUS_MOVE = YES;
				CLANG_WARN_UNGUARDED_AVAILABILITY = YES_AGGRESSIVE;
				CLANG_WARN_UNREACHABLE_CODE = YES;
				CLANG_WARN__DUPLICATE_METHOD_MATCH = YES;
				COPY_PHASE_STRIP = NO;
				DEBUG_INFORMATION_FORMAT = "dwarf-with-dsym";
				ENABLE_NS_ASSERTIONS = NO;
				ENABLE_STRICT_OBJC_MSGSEND = YES;
				ENABLE_USER_SCRIPT_SANDBOXING = YES;
				GCC_C_LANGUAGE_STANDARD = gnu17;
				GCC_NO_COMMON_BLOCKS = YES;
				GCC_WARN_64_TO_32_BIT_CONVERSION = YES;
				GCC_WARN_ABOUT_RETURN_TYPE = YES_ERROR;
				GCC_WARN_UNDECLARED_SELECTOR = YES;
				GCC_WARN_UNINITIALIZED_AUTOS = YES_AGGRESSIVE;
				GCC_WARN_UNUSED_FUNCTION = YES;
				GCC_WARN_UNUSED_VARIABLE = YES;
				LOCALIZATION_PREFERS_STRING_CATALOGS = YES;
				MTL_ENABLE_DEBUG_INFO = NO;
				MTL_FAST_MATH = YES;
				SDKROOT = appletvos;
				SWIFT_COMPILATION_MODE = wholemodule;
				TVOS_DEPLOYMENT_TARGET = 17.0;
				VALIDATE_PRODUCT = YES;
			};
			name = Release;
		};
		A1000034000000000000001 /* Debug */ = {
			isa = XCBuildConfiguration;
			buildSettings = {
				ASSETCATALOG_COMPILER_APPICON_NAME = AppIcon;
				ASSETCATALOG_COMPILER_GLOBAL_ACCENT_COLOR_NAME = AccentColor;
				CODE_SIGN_ENTITLEMENTS = BlompieTV/BlompieTV.entitlements;
				CODE_SIGN_STYLE = Automatic;
				CURRENT_PROJECT_VERSION = 1;
				DEVELOPMENT_ASSET_PATHS = "";
				DEVELOPMENT_TEAM = QRRCB8HB3W;
				ENABLE_PREVIEWS = YES;
				GENERATE_INFOPLIST_FILE = YES;
				INFOPLIST_KEY_CFBundleDisplayName = BlompieTV;
				INFOPLIST_KEY_LSApplicationCategoryType = "public.app-category.games";
				INFOPLIST_KEY_UILaunchScreen_Generation = YES;
				INFOPLIST_KEY_UIUserInterfaceStyle = Dark;
				LD_RUNPATH_SEARCH_PATHS = (
					"$(inherited)",
					"@executable_path/Frameworks",
				);
				MARKETING_VERSION = 1.0.0;
				PRODUCT_BUNDLE_IDENTIFIER = com.jordankoch.BlompieTV;
				PRODUCT_NAME = "$(TARGET_NAME)";
				SWIFT_EMIT_LOC_STRINGS = YES;
				SWIFT_VERSION = 5.0;
				TARGETED_DEVICE_FAMILY = 3;
				TVOS_DEPLOYMENT_TARGET = 17.0;
			};
			name = Debug;
		};
		A1000035000000000000001 /* Release */ = {
			isa = XCBuildConfiguration;
			buildSettings = {
				ASSETCATALOG_COMPILER_APPICON_NAME = AppIcon;
				ASSETCATALOG_COMPILER_GLOBAL_ACCENT_COLOR_NAME = AccentColor;
				CODE_SIGN_ENTITLEMENTS = BlompieTV/BlompieTV.entitlements;
				CODE_SIGN_STYLE = Automatic;
				CURRENT_PROJECT_VERSION = 1;
				DEVELOPMENT_ASSET_PATHS = "";
				DEVELOPMENT_TEAM = QRRCB8HB3W;
				ENABLE_PREVIEWS = YES;
				GENERATE_INFOPLIST_FILE = YES;
				INFOPLIST_KEY_CFBundleDisplayName = BlompieTV;
				INFOPLIST_KEY_LSApplicationCategoryType = "public.app-category.games";
				INFOPLIST_KEY_UILaunchScreen_Generation = YES;
				INFOPLIST_KEY_UIUserInterfaceStyle = Dark;
				LD_RUNPATH_SEARCH_PATHS = (
					"$(inherited)",
					"@executable_path/Frameworks",
				);
				MARKETING_VERSION = 1.0.0;
				PRODUCT_BUNDLE_IDENTIFIER = com.jordankoch.BlompieTV;
				PRODUCT_NAME = "$(TARGET_NAME)";
				SWIFT_EMIT_LOC_STRINGS = YES;
				SWIFT_VERSION = 5.0;
				TARGETED_DEVICE_FAMILY = 3;
				TVOS_DEPLOYMENT_TARGET = 17.0;
			};
			name = Release;
		};
		A14A1A71D1897ABCDA61A4DE /* Debug */ = {
			isa = XCBuildConfiguration;
			buildSettings = {
				CODE_SIGN_ENTITLEMENTS = BlompieTVTopShelf/BlompieTVTopShelf.entitlements;
				CODE_SIGN_STYLE = Automatic;
				DEVELOPMENT_TEAM = QRRCB8HB3W;
				GENERATE_INFOPLIST_FILE = NO;
				INFOPLIST_FILE = BlompieTVTopShelf/Info.plist;
				LD_RUNPATH_SEARCH_PATHS = (
					"$(inherited)",
					"@executable_path/Frameworks",
					"@executable_path/../../Frameworks",
				);
				ONLY_ACTIVE_ARCH = YES;
				PRODUCT_BUNDLE_IDENTIFIER = com.jordankoch.BlompieTV.topshelf;
				PRODUCT_NAME = "$(TARGET_NAME)";
				SDKROOT = appletvos;
				SKIP_INSTALL = YES;
				SWIFT_OPTIMIZATION_LEVEL = "-Onone";
				SWIFT_VERSION = 5.0;
				TARGETED_DEVICE_FAMILY = 3;
				TVOS_DEPLOYMENT_TARGET = 17.0;
			};
			name = Debug;
		};
		EF46F721C593850C263C777D /* Release */ = {
			isa = XCBuildConfiguration;
			buildSettings = {
				CODE_SIGN_ENTITLEMENTS = BlompieTVTopShelf/BlompieTVTopShelf.entitlements;
				CODE_SIGN_STYLE = Automatic;
				DEVELOPMENT_TEAM = QRRCB8HB3W;
				GENERATE_INFOPLIST_FILE = NO;
				INFOPLIST_FILE = BlompieTVTopShelf/Info.plist;
				LD_RUNPATH_SEARCH_PATHS = (
					"$(inherited)",
					"@executable_path/Frameworks",
					"@executable_path/../../Frameworks",
				);
				ONLY_ACTIVE_ARCH = NO;
				PRODUCT_BUNDLE_IDENTIFIER = com.jordankoch.BlompieTV.topshelf;
				PRODUCT_NAME = "$(TARGET_NAME)";
				SDKROOT = appletvos;
				SKIP_INSTALL = YES;
				SWIFT_OPTIMIZATION_LEVEL = "-O";
				SWIFT_VERSION = 5.0;
				TARGETED_DEVICE_FAMILY = 3;
				TVOS_DEPLOYMENT_TARGET = 17.0;
				VALIDATE_PRODUCT = YES;
			};
			name = Release;
		};
/* End XCBuildConfiguration section */

/* Begin XCConfigurationList section */
		0A48AEB926DF5652AEE2EBFE /* Build configuration list for PBXNativeTarget "BlompieTVTopShelf" */ = {
			isa = XCConfigurationList;
			buildConfigurations = (
				EF46F721C593850C263C777D /* Release */,
				A14A1A71D1897ABCDA61A4DE /* Debug */,
			);
			defaultConfigurationIsVisible = 0;
			defaultConfigurationName = Release;
		};
		A1000027000000000000001 /* Build configuration list for PBXNativeTarget "BlompieTV" */ = {
			isa = XCConfigurationList;
			buildConfigurations = (
				A1000034000000000000001 /* Debug */,
				A1000035000000000000001 /* Release */,
			);
			defaultConfigurationIsVisible = 0;
			defaultConfigurationName = Release;
		};
		A1000031000000000000001 /* Build configuration list for PBXProject "BlompieTV" */ = {
			isa = XCConfigurationList;
			buildConfigurations = (
				A1000032000000000000001 /* Debug */,
				A1000033000000000000001 /* Release */,
			);
			defaultConfigurationIsVisible = 0;
			defaultConfigurationName = Release;
		};
/* End XCConfigurationList section */
	};
	rootObject = A1000030000000000000001 /* Project object */;
}
